
Microsoft Visual Studio Solution File, Format Version 12.00
# Visual Studio 2013
VisualStudioVersion = 12.0.40629.0
MinimumVisualStudioVersion = 10.0.40219.1
Project("{FAE04EC0-301F-11D3-BF4B-00C04F79EFBC}") = "DataSource", "DataSource\DataSource.csproj", "{28C7631A-BB17-4F4F-9864-72DD767CABFB}"
EndProject
Project("{2150E333-8FDC-42A3-9474-1A3956D46DE8}") = "Language Samples", "Language Samples", "{A405F08A-3631-4E90-AB8D-CF409DB6E7E1}"
EndProject
Project("{2150E333-8FDC-42A3-9474-1A3956D46DE8}") = "Delegates", "Delegates", "{4C91CC1E-650C-4873-BFB2-66AF3CB98D64}"
EndProject
Project("{FAE04EC0-301F-11D3-BF4B-00C04F79EFBC}") = "Book Store", "Delegates\Book Store\Book Store.csproj", "{2C94FF70-3EE0-417D-A0B6-06CF18AD0348}"
EndProject
Project("{FAE04EC0-301F-11D3-BF4B-00C04F79EFBC}") = "Greetings", "Delegates\Greetings\Greetings.csproj", "{E20D6526-8058-435D-8F5F-2710E99849F3}"
EndProject
Project("{2150E333-8FDC-42A3-9474-1A3956D46DE8}") = "Attributes", "Attributes", "{2890946A-4D62-402C-A2C3-226E7D902E89}"
EndProject
Project("{FAE04EC0-301F-11D3-BF4B-00C04F79EFBC}") = "Attributes", "Attributes\Attributes\Attributes.csproj", "{D00108C5-482F-4EDE-81C3-C621F5BA3F5B}"
EndProject
Project("{2150E333-8FDC-42A3-9474-1A3956D46DE8}") = "Collection Classes", "Collection Classes", "{FC372809-329A-4A8C-BF2D-85C99BCA2FE1}"
EndProject
Project("{FAE04EC0-301F-11D3-BF4B-00C04F79EFBC}") = "CollectionClassI", "Collection Classes\CollectionClassI\CollectionClassI.csproj", "{0689F3DF-E1CF-413A-AB87-E994AB3A8F07}"
EndProject
Project("{2150E333-8FDC-42A3-9474-1A3956D46DE8}") = "Threading", "Threading", "{045958CC-20E2-4AC2-B3E7-F02C891E5FFB}"
EndProject
Project("{FAE04EC0-301F-11D3-BF4B-00C04F79EFBC}") = "ThreadPool", "Threading\ThreadPool\ThreadPool.csproj", "{A416A892-1153-4885-A6B6-F6DBB4A71FCB}"
EndProject
Project("{FAE04EC0-301F-11D3-BF4B-00C04F79EFBC}") = "ThreadStartStop", "Threading\ThreadStartStop\ThreadStartStop.csproj", "{D8231C29-99E2-480B-A994-C87A79869229}"
EndProject
Project("{FAE04EC0-301F-11D3-BF4B-00C04F79EFBC}") = "ThreadSync", "Threading\ThreadSync\ThreadSync.csproj", "{9E133A5B-FCE7-4FBD-9498-FDD4CEE47DA7}"
EndProject
Project("{2150E333-8FDC-42A3-9474-1A3956D46DE8}") = "Conditional Methods", "Conditional Methods", "{3AFE9E70-F7CC-4310-B7A5-68FA81168976}"
EndProject
Project("{FAE04EC0-301F-11D3-BF4B-00C04F79EFBC}") = "ConditionalMethods", "Conditional Methods\ConditionalMethods\ConditionalMethods.csproj", "{CB509ACC-3BF0-4646-906E-085EDD73C49F}"
EndProject
Project("{2150E333-8FDC-42A3-9474-1A3956D46DE8}") = "CommandLine Parameters", "CommandLine Parameters", "{D7C980D6-033D-4AE5-9CC1-6FD869344543}"
EndProject
Project("{FAE04EC0-301F-11D3-BF4B-00C04F79EFBC}") = "CommandLineParameters", "CommandLine Parameters\CommandLineParameters\CommandLineParameters.csproj", "{B9E35597-C65B-4A8D-B3A5-8BFEEDA2446D}"
EndProject
Project("{2150E333-8FDC-42A3-9474-1A3956D46DE8}") = "Events", "Events", "{8F61AC14-E10D-4195-A05F-F84E8A0BE620}"
EndProject
Project("{FAE04EC0-301F-11D3-BF4B-00C04F79EFBC}") = "Events", "Events\Events\Events.csproj", "{A1E01275-A2B5-41B3-B755-9D86DE780CA6}"
EndProject
Project("{2150E333-8FDC-42A3-9474-1A3956D46DE8}") = "Interface", "Interface", "{3C90990E-C5AA-403B-A4B2-7CA328D6139B}"
EndProject
Project("{FAE04EC0-301F-11D3-BF4B-00C04F79EFBC}") = "ExplicitInterface", "Interface\ExplicitInterface\ExplicitInterface.csproj", "{CFAACB20-9068-4AC7-9C3D-AA8AE9D801E3}"
EndProject
Project("{2150E333-8FDC-42A3-9474-1A3956D46DE8}") = "Generics", "Generics", "{4D1F5AD9-6310-4651-A2C6-940D070BC047}"
EndProject
Project("{FAE04EC0-301F-11D3-BF4B-00C04F79EFBC}") = "Generics", "Generics\Generics\Generics.csproj", "{510F79CE-B54F-4B2F-A85E-A975BDD73E95}"
EndProject
Global
	GlobalSection(SolutionConfigurationPlatforms) = preSolution
		Debug|Any CPU = Debug|Any CPU
		Release|Any CPU = Release|Any CPU
	EndGlobalSection
	GlobalSection(ProjectConfigurationPlatforms) = postSolution
		{28C7631A-BB17-4F4F-9864-72DD767CABFB}.Debug|Any CPU.ActiveCfg = Debug|Any CPU
		{28C7631A-BB17-4F4F-9864-72DD767CABFB}.Debug|Any CPU.Build.0 = Debug|Any CPU
		{28C7631A-BB17-4F4F-9864-72DD767CABFB}.Release|Any CPU.ActiveCfg = Release|Any CPU
		{28C7631A-BB17-4F4F-9864-72DD767CABFB}.Release|Any CPU.Build.0 = Release|Any CPU
		{2C94FF70-3EE0-417D-A0B6-06CF18AD0348}.Debug|Any CPU.ActiveCfg = Debug|Any CPU
		{2C94FF70-3EE0-417D-A0B6-06CF18AD0348}.Debug|Any CPU.Build.0 = Debug|Any CPU
		{2C94FF70-3EE0-417D-A0B6-06CF18AD0348}.Release|Any CPU.ActiveCfg = Release|Any CPU
		{2C94FF70-3EE0-417D-A0B6-06CF18AD0348}.Release|Any CPU.Build.0 = Release|Any CPU
		{E20D6526-8058-435D-8F5F-2710E99849F3}.Debug|Any CPU.ActiveCfg = Debug|Any CPU
		{E20D6526-8058-435D-8F5F-2710E99849F3}.Debug|Any CPU.Build.0 = Debug|Any CPU
		{E20D6526-8058-435D-8F5F-2710E99849F3}.Release|Any CPU.ActiveCfg = Release|Any CPU
		{E20D6526-8058-435D-8F5F-2710E99849F3}.Release|Any CPU.Build.0 = Release|Any CPU
		{D00108C5-482F-4EDE-81C3-C621F5BA3F5B}.Debug|Any CPU.ActiveCfg = Debug|Any CPU
		{D00108C5-482F-4EDE-81C3-C621F5BA3F5B}.Debug|Any CPU.Build.0 = Debug|Any CPU
		{D00108C5-482F-4EDE-81C3-C621F5BA3F5B}.Release|Any CPU.ActiveCfg = Release|Any CPU
		{D00108C5-482F-4EDE-81C3-C621F5BA3F5B}.Release|Any CPU.Build.0 = Release|Any CPU
		{0689F3DF-E1CF-413A-AB87-E994AB3A8F07}.Debug|Any CPU.ActiveCfg = Debug|Any CPU
		{0689F3DF-E1CF-413A-AB87-E994AB3A8F07}.Debug|Any CPU.Build.0 = Debug|Any CPU
		{0689F3DF-E1CF-413A-AB87-E994AB3A8F07}.Release|Any CPU.ActiveCfg = Release|Any CPU
		{0689F3DF-E1CF-413A-AB87-E994AB3A8F07}.Release|Any CPU.Build.0 = Release|Any CPU
		{A416A892-1153-4885-A6B6-F6DBB4A71FCB}.Debug|Any CPU.ActiveCfg = Debug|Any CPU
		{A416A892-1153-4885-A6B6-F6DBB4A71FCB}.Debug|Any CPU.Build.0 = Debug|Any CPU
		{A416A892-1153-4885-A6B6-F6DBB4A71FCB}.Release|Any CPU.ActiveCfg = Release|Any CPU
		{A416A892-1153-4885-A6B6-F6DBB4A71FCB}.Release|Any CPU.Build.0 = Release|Any CPU
		{D8231C29-99E2-480B-A994-C87A79869229}.Debug|Any CPU.ActiveCfg = Debug|Any CPU
		{D8231C29-99E2-480B-A994-C87A79869229}.Debug|Any CPU.Build.0 = Debug|Any CPU
		{D8231C29-99E2-480B-A994-C87A79869229}.Release|Any CPU.ActiveCfg = Release|Any CPU
		{D8231C29-99E2-480B-A994-C87A79869229}.Release|Any CPU.Build.0 = Release|Any CPU
		{9E133A5B-FCE7-4FBD-9498-FDD4CEE47DA7}.Debug|Any CPU.ActiveCfg = Debug|Any CPU
		{9E133A5B-FCE7-4FBD-9498-FDD4CEE47DA7}.Debug|Any CPU.Build.0 = Debug|Any CPU
		{9E133A5B-FCE7-4FBD-9498-FDD4CEE47DA7}.Release|Any CPU.ActiveCfg = Release|Any CPU
		{9E133A5B-FCE7-4FBD-9498-FDD4CEE47DA7}.Release|Any CPU.Build.0 = Release|Any CPU
		{CB509ACC-3BF0-4646-906E-085EDD73C49F}.Debug|Any CPU.ActiveCfg = Debug|Any CPU
		{CB509ACC-3BF0-4646-906E-085EDD73C49F}.Debug|Any CPU.Build.0 = Debug|Any CPU
		{CB509ACC-3BF0-4646-906E-085EDD73C49F}.Release|Any CPU.ActiveCfg = Release|Any CPU
		{CB509ACC-3BF0-4646-906E-085EDD73C49F}.Release|Any CPU.Build.0 = Release|Any CPU
		{B9E35597-C65B-4A8D-B3A5-8BFEEDA2446D}.Debug|Any CPU.ActiveCfg = Debug|Any CPU
		{B9E35597-C65B-4A8D-B3A5-8BFEEDA2446D}.Debug|Any CPU.Build.0 = Debug|Any CPU
		{B9E35597-C65B-4A8D-B3A5-8BFEEDA2446D}.Release|Any CPU.ActiveCfg = Release|Any CPU
		{B9E35597-C65B-4A8D-B3A5-8BFEEDA2446D}.Release|Any CPU.Build.0 = Release|Any CPU
		{A1E01275-A2B5-41B3-B755-9D86DE780CA6}.Debug|Any CPU.ActiveCfg = Debug|Any CPU
		{A1E01275-A2B5-41B3-B755-9D86DE780CA6}.Debug|Any CPU.Build.0 = Debug|Any CPU
		{A1E01275-A2B5-41B3-B755-9D86DE780CA6}.Release|Any CPU.ActiveCfg = Release|Any CPU
		{A1E01275-A2B5-41B3-B755-9D86DE780CA6}.Release|Any CPU.Build.0 = Release|Any CPU
		{CFAACB20-9068-4AC7-9C3D-AA8AE9D801E3}.Debug|Any CPU.ActiveCfg = Debug|Any CPU
		{CFAACB20-9068-4AC7-9C3D-AA8AE9D801E3}.Debug|Any CPU.Build.0 = Debug|Any CPU
		{CFAACB20-9068-4AC7-9C3D-AA8AE9D801E3}.Release|Any CPU.ActiveCfg = Release|Any CPU
		{CFAACB20-9068-4AC7-9C3D-AA8AE9D801E3}.Release|Any CPU.Build.0 = Release|Any CPU
		{510F79CE-B54F-4B2F-A85E-A975BDD73E95}.Debug|Any CPU.ActiveCfg = Debug|Any CPU
		{510F79CE-B54F-4B2F-A85E-A975BDD73E95}.Debug|Any CPU.Build.0 = Debug|Any CPU
		{510F79CE-B54F-4B2F-A85E-A975BDD73E95}.Release|Any CPU.ActiveCfg = Release|Any CPU
		{510F79CE-B54F-4B2F-A85E-A975BDD73E95}.Release|Any CPU.Build.0 = Release|Any CPU
	EndGlobalSection
	GlobalSection(SolutionProperties) = preSolution
		HideSolutionNode = FALSE
	EndGlobalSection
	GlobalSection(NestedProjects) = preSolution
		{4C91CC1E-650C-4873-BFB2-66AF3CB98D64} = {A405F08A-3631-4E90-AB8D-CF409DB6E7E1}
		{2C94FF70-3EE0-417D-A0B6-06CF18AD0348} = {4C91CC1E-650C-4873-BFB2-66AF3CB98D64}
		{E20D6526-8058-435D-8F5F-2710E99849F3} = {4C91CC1E-650C-4873-BFB2-66AF3CB98D64}
		{2890946A-4D62-402C-A2C3-226E7D902E89} = {A405F08A-3631-4E90-AB8D-CF409DB6E7E1}
		{D00108C5-482F-4EDE-81C3-C621F5BA3F5B} = {2890946A-4D62-402C-A2C3-226E7D902E89}
		{FC372809-329A-4A8C-BF2D-85C99BCA2FE1} = {A405F08A-3631-4E90-AB8D-CF409DB6E7E1}
		{0689F3DF-E1CF-413A-AB87-E994AB3A8F07} = {FC372809-329A-4A8C-BF2D-85C99BCA2FE1}
		{045958CC-20E2-4AC2-B3E7-F02C891E5FFB} = {A405F08A-3631-4E90-AB8D-CF409DB6E7E1}
		{A416A892-1153-4885-A6B6-F6DBB4A71FCB} = {045958CC-20E2-4AC2-B3E7-F02C891E5FFB}
		{D8231C29-99E2-480B-A994-C87A79869229} = {045958CC-20E2-4AC2-B3E7-F02C891E5FFB}
		{9E133A5B-FCE7-4FBD-9498-FDD4CEE47DA7} = {045958CC-20E2-4AC2-B3E7-F02C891E5FFB}
		{3AFE9E70-F7CC-4310-B7A5-68FA81168976} = {A405F08A-3631-4E90-AB8D-CF409DB6E7E1}
		{CB509ACC-3BF0-4646-906E-085EDD73C49F} = {3AFE9E70-F7CC-4310-B7A5-68FA81168976}
		{D7C980D6-033D-4AE5-9CC1-6FD869344543} = {A405F08A-3631-4E90-AB8D-CF409DB6E7E1}
		{B9E35597-C65B-4A8D-B3A5-8BFEEDA2446D} = {D7C980D6-033D-4AE5-9CC1-6FD869344543}
		{8F61AC14-E10D-4195-A05F-F84E8A0BE620} = {A405F08A-3631-4E90-AB8D-CF409DB6E7E1}
		{A1E01275-A2B5-41B3-B755-9D86DE780CA6} = {8F61AC14-E10D-4195-A05F-F84E8A0BE620}
		{3C90990E-C5AA-403B-A4B2-7CA328D6139B} = {A405F08A-3631-4E90-AB8D-CF409DB6E7E1}
		{CFAACB20-9068-4AC7-9C3D-AA8AE9D801E3} = {3C90990E-C5AA-403B-A4B2-7CA328D6139B}
		{4D1F5AD9-6310-4651-A2C6-940D070BC047} = {A405F08A-3631-4E90-AB8D-CF409DB6E7E1}
		{510F79CE-B54F-4B2F-A85E-A975BDD73E95} = {4D1F5AD9-6310-4651-A2C6-940D070BC047}
	EndGlobalSection
EndGlobal
