
Microsoft Visual Studio Solution File, Format Version 11.00
# Visual Studio 2010
Project("{FAE04EC0-301F-11D3-BF4B-00C04F79EFBC}") = "DataSource", "DataSource\DataSource.csproj", "{9B424B78-A77D-4489-A015-4C3CA0AF1EAA}"
EndProject
Project("{FAE04EC0-301F-11D3-BF4B-00C04F79EFBC}") = "Restriction Operators", "Restriction Operators\Restriction Operators.csproj", "{07BD3440-F85F-4F3C-8F5D-0FCB6918D0E8}"
EndProject
Global
	GlobalSection(SolutionConfigurationPlatforms) = preSolution
		Debug|Any CPU = Debug|Any CPU
		Debug|Mixed Platforms = Debug|Mixed Platforms
		Debug|x86 = Debug|x86
		Release|Any CPU = Release|Any CPU
		Release|Mixed Platforms = Release|Mixed Platforms
		Release|x86 = Release|x86
	EndGlobalSection
	GlobalSection(ProjectConfigurationPlatforms) = postSolution
		{9B424B78-A77D-4489-A015-4C3CA0AF1EAA}.Debug|Any CPU.ActiveCfg = Debug|Any CPU
		{9B424B78-A77D-4489-A015-4C3CA0AF1EAA}.Debug|Any CPU.Build.0 = Debug|Any CPU
		{9B424B78-A77D-4489-A015-4C3CA0AF1EAA}.Debug|Mixed Platforms.ActiveCfg = Debug|Any CPU
		{9B424B78-A77D-4489-A015-4C3CA0AF1EAA}.Debug|Mixed Platforms.Build.0 = Debug|Any CPU
		{9B424B78-A77D-4489-A015-4C3CA0AF1EAA}.Debug|x86.ActiveCfg = Debug|Any CPU
		{9B424B78-A77D-4489-A015-4C3CA0AF1EAA}.Release|Any CPU.ActiveCfg = Release|Any CPU
		{9B424B78-A77D-4489-A015-4C3CA0AF1EAA}.Release|Any CPU.Build.0 = Release|Any CPU
		{9B424B78-A77D-4489-A015-4C3CA0AF1EAA}.Release|Mixed Platforms.ActiveCfg = Release|Any CPU
		{9B424B78-A77D-4489-A015-4C3CA0AF1EAA}.Release|Mixed Platforms.Build.0 = Release|Any CPU
		{9B424B78-A77D-4489-A015-4C3CA0AF1EAA}.Release|x86.ActiveCfg = Release|Any CPU
		{07BD3440-F85F-4F3C-8F5D-0FCB6918D0E8}.Debug|Any CPU.ActiveCfg = Debug|x86
		{07BD3440-F85F-4F3C-8F5D-0FCB6918D0E8}.Debug|Mixed Platforms.ActiveCfg = Debug|x86
		{07BD3440-F85F-4F3C-8F5D-0FCB6918D0E8}.Debug|Mixed Platforms.Build.0 = Debug|x86
		{07BD3440-F85F-4F3C-8F5D-0FCB6918D0E8}.Debug|x86.ActiveCfg = Debug|x86
		{07BD3440-F85F-4F3C-8F5D-0FCB6918D0E8}.Debug|x86.Build.0 = Debug|x86
		{07BD3440-F85F-4F3C-8F5D-0FCB6918D0E8}.Release|Any CPU.ActiveCfg = Release|x86
		{07BD3440-F85F-4F3C-8F5D-0FCB6918D0E8}.Release|Mixed Platforms.ActiveCfg = Release|x86
		{07BD3440-F85F-4F3C-8F5D-0FCB6918D0E8}.Release|Mixed Platforms.Build.0 = Release|x86
		{07BD3440-F85F-4F3C-8F5D-0FCB6918D0E8}.Release|x86.ActiveCfg = Release|x86
		{07BD3440-F85F-4F3C-8F5D-0FCB6918D0E8}.Release|x86.Build.0 = Release|x86
	EndGlobalSection
	GlobalSection(SolutionProperties) = preSolution
		HideSolutionNode = FALSE
	EndGlobalSection
EndGlobal
